
Microsoft Visual Studio Solution File, Format Version 12.00
# Visual Studio Version 17
VisualStudioVersion = 17.0.31903.59
MinimumVisualStudioVersion = 10.0.40219.1
Project("{2150E333-8FDC-42A3-9474-1A3956D46DE8}") = "src", "src", "{FAF57661-73A5-4BAC-B33C-4AE62DE2E599}"
EndProject
Project("{2150E333-8FDC-42A3-9474-1A3956D46DE8}") = "Apps", "Apps", "{C416AB06-FA80-46E1-BED9-1E9AD3410E33}"
EndProject
Project("{FAE04EC0-301F-11D3-BF4B-00C04F79EFBC}") = "MessageProvider.Api", "src\Apps\MessageProvider.Api\MessageProvider.Api.csproj", "{ACACCAD5-B57D-49C3-85AE-96B06EB57946}"
EndProject
Global
	GlobalSection(SolutionConfigurationPlatforms) = preSolution
		Debug|Any CPU = Debug|Any CPU
		Release|Any CPU = Release|Any CPU
	EndGlobalSection
	GlobalSection(SolutionProperties) = preSolution
		HideSolutionNode = FALSE
	EndGlobalSection
	GlobalSection(ProjectConfigurationPlatforms) = postSolution
		{ACACCAD5-B57D-49C3-85AE-96B06EB57946}.Debug|Any CPU.ActiveCfg = Debug|Any CPU
		{ACACCAD5-B57D-49C3-85AE-96B06EB57946}.Debug|Any CPU.Build.0 = Debug|Any CPU
		{ACACCAD5-B57D-49C3-85AE-96B06EB57946}.Release|Any CPU.ActiveCfg = Release|Any CPU
		{ACACCAD5-B57D-49C3-85AE-96B06EB57946}.Release|Any CPU.Build.0 = Release|Any CPU
	EndGlobalSection
	GlobalSection(NestedProjects) = preSolution
		{C416AB06-FA80-46E1-BED9-1E9AD3410E33} = {FAF57661-73A5-4BAC-B33C-4AE62DE2E599}
		{ACACCAD5-B57D-49C3-85AE-96B06EB57946} = {C416AB06-FA80-46E1-BED9-1E9AD3410E33}
	EndGlobalSection
EndGlobal
